
Microsoft Visual Studio Solution File, Format Version 12.00
# Visual Studio Version 17
VisualStudioVersion = 17.9.34728.123
MinimumVisualStudioVersion = 10.0.40219.1
Project("{FAE04EC0-301F-11D3-BF4B-00C04F79EFBC}") = "YoutubeViewers.WPF", "YoutubeViewers.WPF\YoutubeViewers.WPF.csproj", "{AF3C7A28-DE13-433D-9131-B85BE2CD936D}"
EndProject
Global
	GlobalSection(SolutionConfigurationPlatforms) = preSolution
		Debug|Any CPU = Debug|Any CPU
		Release|Any CPU = Release|Any CPU
	EndGlobalSection
	GlobalSection(ProjectConfigurationPlatforms) = postSolution
		{AF3C7A28-DE13-433D-9131-B85BE2CD936D}.Debug|Any CPU.ActiveCfg = Debug|Any CPU
		{AF3C7A28-DE13-433D-9131-B85BE2CD936D}.Debug|Any CPU.Build.0 = Debug|Any CPU
		{AF3C7A28-DE13-433D-9131-B85BE2CD936D}.Release|Any CPU.ActiveCfg = Release|Any CPU
		{AF3C7A28-DE13-433D-9131-B85BE2CD936D}.Release|Any CPU.Build.0 = Release|Any CPU
	EndGlobalSection
	GlobalSection(SolutionProperties) = preSolution
		HideSolutionNode = FALSE
	EndGlobalSection
	GlobalSection(ExtensibilityGlobals) = postSolution
		SolutionGuid = {56DED8ED-0C9A-41BD-B28B-75F22FA62741}
	EndGlobalSection
EndGlobal
